
Microsoft Visual Studio Solution File, Format Version 12.00
# Visual Studio Version 17
VisualStudioVersion = 17.14.36301.6 d17.14
MinimumVisualStudioVersion = 10.0.40219.1
Project("{FAE04EC0-301F-11D3-BF4B-00C04F79EFBC}") = "ProcessorAPI", "ProcessorAPI\ProcessorAPI.csproj", "{2AF1CACA-F7AC-4280-8564-CCFFBF2F3FCD}"
EndProject
Global
	GlobalSection(SolutionConfigurationPlatforms) = preSolution
		Debug|Any CPU = Debug|Any CPU
		Release|Any CPU = Release|Any CPU
	EndGlobalSection
	GlobalSection(ProjectConfigurationPlatforms) = postSolution
		{2AF1CACA-F7AC-4280-8564-CCFFBF2F3FCD}.Debug|Any CPU.ActiveCfg = Debug|Any CPU
		{2AF1CACA-F7AC-4280-8564-CCFFBF2F3FCD}.Debug|Any CPU.Build.0 = Debug|Any CPU
		{2AF1CACA-F7AC-4280-8564-CCFFBF2F3FCD}.Release|Any CPU.ActiveCfg = Release|Any CPU
		{2AF1CACA-F7AC-4280-8564-CCFFBF2F3FCD}.Release|Any CPU.Build.0 = Release|Any CPU
	EndGlobalSection
	GlobalSection(SolutionProperties) = preSolution
		HideSolutionNode = FALSE
	EndGlobalSection
	GlobalSection(ExtensibilityGlobals) = postSolution
		SolutionGuid = {8F6A7212-B357-4C45-8E72-8A94F3B8B2A4}
	EndGlobalSection
EndGlobal
